
Microsoft Visual Studio Solution File, Format Version 12.00
# Visual Studio Version 17
VisualStudioVersion = 17.8.34309.116
MinimumVisualStudioVersion = 10.0.40219.1
Project("{888888A0-9F3D-457C-B088-3A5042F75D52}") = "Demo_GUI", "Demo_GUI\Demo_GUI.pyproj", "{6F39FEE9-E18F-4220-AC14-65B0A1B75B8B}"
EndProject
Global
	GlobalSection(SolutionConfigurationPlatforms) = preSolution
		Debug|Any CPU = Debug|Any CPU
		Release|Any CPU = Release|Any CPU
	EndGlobalSection
	GlobalSection(ProjectConfigurationPlatforms) = postSolution
		{6F39FEE9-E18F-4220-AC14-65B0A1B75B8B}.Debug|Any CPU.ActiveCfg = Debug|Any CPU
		{6F39FEE9-E18F-4220-AC14-65B0A1B75B8B}.Release|Any CPU.ActiveCfg = Release|Any CPU
	EndGlobalSection
	GlobalSection(SolutionProperties) = preSolution
		HideSolutionNode = FALSE
	EndGlobalSection
	GlobalSection(ExtensibilityGlobals) = postSolution
		SolutionGuid = {53169903-7A9D-4C87-BE22-CA3D04072862}
	EndGlobalSection
EndGlobal
